
Microsoft Visual Studio Solution File, Format Version 12.00
# Visual Studio Version 17
VisualStudioVersion = 17.3.32922.545
MinimumVisualStudioVersion = 10.0.40219.1
Project("{FAE04EC0-301F-11D3-BF4B-00C04F79EFBC}") = "Lab 17", "Lab 17\Lab 17.csproj", "{88CA84CD-4AF5-450A-8E2A-2C8F7995C98E}"
EndProject
Global
	GlobalSection(SolutionConfigurationPlatforms) = preSolution
		Debug|Any CPU = Debug|Any CPU
		Release|Any CPU = Release|Any CPU
	EndGlobalSection
	GlobalSection(ProjectConfigurationPlatforms) = postSolution
		{88CA84CD-4AF5-450A-8E2A-2C8F7995C98E}.Debug|Any CPU.ActiveCfg = Debug|Any CPU
		{88CA84CD-4AF5-450A-8E2A-2C8F7995C98E}.Debug|Any CPU.Build.0 = Debug|Any CPU
		{88CA84CD-4AF5-450A-8E2A-2C8F7995C98E}.Release|Any CPU.ActiveCfg = Release|Any CPU
		{88CA84CD-4AF5-450A-8E2A-2C8F7995C98E}.Release|Any CPU.Build.0 = Release|Any CPU
	EndGlobalSection
	GlobalSection(SolutionProperties) = preSolution
		HideSolutionNode = FALSE
	EndGlobalSection
	GlobalSection(ExtensibilityGlobals) = postSolution
		SolutionGuid = {7C1B61AD-48F9-42CD-A514-0E214039AA65}
	EndGlobalSection
EndGlobal
